
Microsoft Visual Studio Solution File, Format Version 12.00
# Visual Studio 14
VisualStudioVersion = 14.0.25420.1
MinimumVisualStudioVersion = 10.0.40219.1
Project("{FAE04EC0-301F-11D3-BF4B-00C04F79EFBC}") = "Conscience.Core", "Conscience.Core\Conscience.Core.csproj", "{0F27F34A-42B8-4C2D-894B-02F92FBA41B9}"
EndProject
Project("{FAE04EC0-301F-11D3-BF4B-00C04F79EFBC}") = "Conscience.Domain", "Conscience.Domain\Conscience.Domain.csproj", "{8EC70403-8B75-47FC-8885-16DDA1F3E7FD}"
EndProject
Project("{FAE04EC0-301F-11D3-BF4B-00C04F79EFBC}") = "Conscience.Mobile.Hosts.Core", "Conscience.Mobile.Hosts.Core\Conscience.Mobile.Hosts.Core.csproj", "{E9B00445-7D5D-4FA7-BFE1-E8EFE13D1BFD}"
EndProject
Project("{FAE04EC0-301F-11D3-BF4B-00C04F79EFBC}") = "Concience.DataAccess", "Concience.DataAccess\Concience.DataAccess.csproj", "{FABFC1E9-0B45-4A95-97EF-1B73D9950ADE}"
EndProject
Project("{FAE04EC0-301F-11D3-BF4B-00C04F79EFBC}") = "Conscience.Web", "Conscience.Web\Conscience.Web.csproj", "{B20C6DF1-EAC1-49A3-AD0F-38E6281126AB}"
EndProject
Project("{FAE04EC0-301F-11D3-BF4B-00C04F79EFBC}") = "Conscience.Mobile.Hosts.Android", "Conscience.Mobile.Hosts.Android\Conscience.Mobile.Hosts.Android.csproj", "{980A3295-1239-48B1-B3D4-65C573496108}"
EndProject
Project("{FAE04EC0-301F-11D3-BF4B-00C04F79EFBC}") = "Conscience.Mobile.Test", "Conscience.Mobile.Test\Conscience.Mobile.Test.csproj", "{786EF9FE-D0D7-49A3-9FC1-B7E52811F0EF}"
EndProject
Global
	GlobalSection(SolutionConfigurationPlatforms) = preSolution
		Debug|Any CPU = Debug|Any CPU
		Release|Any CPU = Release|Any CPU
	EndGlobalSection
	GlobalSection(ProjectConfigurationPlatforms) = postSolution
		{0F27F34A-42B8-4C2D-894B-02F92FBA41B9}.Debug|Any CPU.ActiveCfg = Debug|Any CPU
		{0F27F34A-42B8-4C2D-894B-02F92FBA41B9}.Debug|Any CPU.Build.0 = Debug|Any CPU
		{0F27F34A-42B8-4C2D-894B-02F92FBA41B9}.Release|Any CPU.ActiveCfg = Release|Any CPU
		{0F27F34A-42B8-4C2D-894B-02F92FBA41B9}.Release|Any CPU.Build.0 = Release|Any CPU
		{8EC70403-8B75-47FC-8885-16DDA1F3E7FD}.Debug|Any CPU.ActiveCfg = Debug|Any CPU
		{8EC70403-8B75-47FC-8885-16DDA1F3E7FD}.Debug|Any CPU.Build.0 = Debug|Any CPU
		{8EC70403-8B75-47FC-8885-16DDA1F3E7FD}.Release|Any CPU.ActiveCfg = Release|Any CPU
		{8EC70403-8B75-47FC-8885-16DDA1F3E7FD}.Release|Any CPU.Build.0 = Release|Any CPU
		{E9B00445-7D5D-4FA7-BFE1-E8EFE13D1BFD}.Debug|Any CPU.ActiveCfg = Debug|Any CPU
		{E9B00445-7D5D-4FA7-BFE1-E8EFE13D1BFD}.Debug|Any CPU.Build.0 = Debug|Any CPU
		{E9B00445-7D5D-4FA7-BFE1-E8EFE13D1BFD}.Release|Any CPU.ActiveCfg = Release|Any CPU
		{E9B00445-7D5D-4FA7-BFE1-E8EFE13D1BFD}.Release|Any CPU.Build.0 = Release|Any CPU
		{FABFC1E9-0B45-4A95-97EF-1B73D9950ADE}.Debug|Any CPU.ActiveCfg = Debug|Any CPU
		{FABFC1E9-0B45-4A95-97EF-1B73D9950ADE}.Debug|Any CPU.Build.0 = Debug|Any CPU
		{FABFC1E9-0B45-4A95-97EF-1B73D9950ADE}.Release|Any CPU.ActiveCfg = Release|Any CPU
		{FABFC1E9-0B45-4A95-97EF-1B73D9950ADE}.Release|Any CPU.Build.0 = Release|Any CPU
		{B20C6DF1-EAC1-49A3-AD0F-38E6281126AB}.Debug|Any CPU.ActiveCfg = Debug|Any CPU
		{B20C6DF1-EAC1-49A3-AD0F-38E6281126AB}.Debug|Any CPU.Build.0 = Debug|Any CPU
		{B20C6DF1-EAC1-49A3-AD0F-38E6281126AB}.Release|Any CPU.ActiveCfg = Release|Any CPU
		{B20C6DF1-EAC1-49A3-AD0F-38E6281126AB}.Release|Any CPU.Build.0 = Release|Any CPU
		{980A3295-1239-48B1-B3D4-65C573496108}.Debug|Any CPU.ActiveCfg = Debug|Any CPU
		{980A3295-1239-48B1-B3D4-65C573496108}.Debug|Any CPU.Build.0 = Debug|Any CPU
		{980A3295-1239-48B1-B3D4-65C573496108}.Debug|Any CPU.Deploy.0 = Debug|Any CPU
		{980A3295-1239-48B1-B3D4-65C573496108}.Release|Any CPU.ActiveCfg = Release|Any CPU
		{980A3295-1239-48B1-B3D4-65C573496108}.Release|Any CPU.Build.0 = Release|Any CPU
		{980A3295-1239-48B1-B3D4-65C573496108}.Release|Any CPU.Deploy.0 = Release|Any CPU
		{786EF9FE-D0D7-49A3-9FC1-B7E52811F0EF}.Debug|Any CPU.ActiveCfg = Debug|Any CPU
		{786EF9FE-D0D7-49A3-9FC1-B7E52811F0EF}.Debug|Any CPU.Build.0 = Debug|Any CPU
		{786EF9FE-D0D7-49A3-9FC1-B7E52811F0EF}.Debug|Any CPU.Deploy.0 = Debug|Any CPU
		{786EF9FE-D0D7-49A3-9FC1-B7E52811F0EF}.Release|Any CPU.ActiveCfg = Release|Any CPU
		{786EF9FE-D0D7-49A3-9FC1-B7E52811F0EF}.Release|Any CPU.Build.0 = Release|Any CPU
		{786EF9FE-D0D7-49A3-9FC1-B7E52811F0EF}.Release|Any CPU.Deploy.0 = Release|Any CPU
	EndGlobalSection
	GlobalSection(SolutionProperties) = preSolution
		HideSolutionNode = FALSE
	EndGlobalSection
EndGlobal
